
Microsoft Visual Studio Solution File, Format Version 12.00
# Visual Studio Version 17
VisualStudioVersion = 17.14.36327.8 d17.14
MinimumVisualStudioVersion = 10.0.40219.1
Project("{FAE04EC0-301F-11D3-BF4B-00C04F79EFBC}") = "src\CarRentalService.Core.Domain", "src\CarRentalService.Core.Domain\CarRentalService.Core.Domain.csproj", "{F52E4B37-A148-4E69-AFC5-723939BCB1B2}"
EndProject
Project("{FAE04EC0-301F-11D3-BF4B-00C04F79EFBC}") = "test\CarRentalService.Core.Tests", "test\CarRentalService.Core.Tests\CarRentalService.Core.Tests.csproj", "{87257DF2-2DFB-4125-8C4F-6BA730059F07}"
EndProject
Global
	GlobalSection(SolutionConfigurationPlatforms) = preSolution
		Debug|Any CPU = Debug|Any CPU
		Release|Any CPU = Release|Any CPU
	EndGlobalSection
	GlobalSection(ProjectConfigurationPlatforms) = postSolution
		{F52E4B37-A148-4E69-AFC5-723939BCB1B2}.Debug|Any CPU.ActiveCfg = Debug|Any CPU
		{F52E4B37-A148-4E69-AFC5-723939BCB1B2}.Debug|Any CPU.Build.0 = Debug|Any CPU
		{F52E4B37-A148-4E69-AFC5-723939BCB1B2}.Release|Any CPU.ActiveCfg = Release|Any CPU
		{F52E4B37-A148-4E69-AFC5-723939BCB1B2}.Release|Any CPU.Build.0 = Release|Any CPU
		{87257DF2-2DFB-4125-8C4F-6BA730059F07}.Debug|Any CPU.ActiveCfg = Debug|Any CPU
		{87257DF2-2DFB-4125-8C4F-6BA730059F07}.Debug|Any CPU.Build.0 = Debug|Any CPU
		{87257DF2-2DFB-4125-8C4F-6BA730059F07}.Release|Any CPU.ActiveCfg = Release|Any CPU
		{87257DF2-2DFB-4125-8C4F-6BA730059F07}.Release|Any CPU.Build.0 = Release|Any CPU
	EndGlobalSection
	GlobalSection(SolutionProperties) = preSolution
		HideSolutionNode = FALSE
	EndGlobalSection
	GlobalSection(ExtensibilityGlobals) = postSolution
		SolutionGuid = {A7A84DD9-5A18-4D37-BFA2-B8F544E04002}
	EndGlobalSection
EndGlobal
